
Microsoft Visual Studio Solution File, Format Version 12.00
# Visual Studio 15
Project("{FAE04EC0-301F-11D3-BF4B-00C04F79EFBC}") = "Oculus.Platform", "Oculus.Platform.csproj", "{C4CD868D-DC9C-D5EF-3495-22268B3B0C1C}"
EndProject
Project("{FAE04EC0-301F-11D3-BF4B-00C04F79EFBC}") = "Assembly-CSharp", "Assembly-CSharp.csproj", "{D37E3FCC-4F0B-1AA8-9EC4-312A1471CB98}"
EndProject
Project("{FAE04EC0-301F-11D3-BF4B-00C04F79EFBC}") = "Oculus.Spatializer", "Oculus.Spatializer.csproj", "{B91BFF18-19B1-28B7-BA5B-3C9987DE5C7F}"
EndProject
Project("{FAE04EC0-301F-11D3-BF4B-00C04F79EFBC}") = "Oculus.Interaction", "Oculus.Interaction.csproj", "{ED7F2A8C-4BA6-19A8-E499-F4C422E5954A}"
EndProject
Project("{FAE04EC0-301F-11D3-BF4B-00C04F79EFBC}") = "Meta.WitAi", "Meta.WitAi.csproj", "{8579C923-8878-D730-043C-AAFD604FAB0F}"
EndProject
Project("{FAE04EC0-301F-11D3-BF4B-00C04F79EFBC}") = "Oculus.Interaction.OVR.Samples", "Oculus.Interaction.OVR.Samples.csproj", "{C9E83138-D847-40AB-E30E-39C428C3DC5B}"
EndProject
Project("{FAE04EC0-301F-11D3-BF4B-00C04F79EFBC}") = "Oculus.VR", "Oculus.VR.csproj", "{97E529CD-36DF-F3DB-D375-D39D523E34B8}"
EndProject
Project("{FAE04EC0-301F-11D3-BF4B-00C04F79EFBC}") = "VoiceSDK.Dictation.Runtime", "VoiceSDK.Dictation.Runtime.csproj", "{78B3C0B4-BB37-1503-F873-4BB05910BC35}"
EndProject
Project("{FAE04EC0-301F-11D3-BF4B-00C04F79EFBC}") = "Meta.WitAi.TTS", "Meta.WitAi.TTS.csproj", "{40438AB9-B96E-3D78-00E0-76A6E85F457A}"
EndProject
Project("{FAE04EC0-301F-11D3-BF4B-00C04F79EFBC}") = "Oculus.AudioManager", "Oculus.AudioManager.csproj", "{375F8793-05DB-B66D-E71C-12FEE48C2B5C}"
EndProject
Project("{FAE04EC0-301F-11D3-BF4B-00C04F79EFBC}") = "VoiceSDK.Runtime", "VoiceSDK.Runtime.csproj", "{BCE72747-4450-DCFC-0095-FD0EA03C638C}"
EndProject
Project("{FAE04EC0-301F-11D3-BF4B-00C04F79EFBC}") = "Facebook.Wit.Dictation", "Facebook.Wit.Dictation.csproj", "{1CF79233-D2CA-DA37-B084-F8D25C4B18E8}"
EndProject
Project("{FAE04EC0-301F-11D3-BF4B-00C04F79EFBC}") = "Meta.WitAi.TTS.Samples", "Meta.WitAi.TTS.Samples.csproj", "{8383C8C5-2512-0438-0EF7-C65791D0B9DE}"
EndProject
Project("{FAE04EC0-301F-11D3-BF4B-00C04F79EFBC}") = "Oculus.Voice.Demo", "Oculus.Voice.Demo.csproj", "{B398275C-E89B-2E79-C5B9-F8B4E8A10747}"
EndProject
Project("{FAE04EC0-301F-11D3-BF4B-00C04F79EFBC}") = "Meta.WitAi.Lib", "Meta.WitAi.Lib.csproj", "{9A3FA4A2-1D0C-46F0-D1F8-3B20AB850CC5}"
EndProject
Project("{FAE04EC0-301F-11D3-BF4B-00C04F79EFBC}") = "Oculus.Interaction.OVR", "Oculus.Interaction.OVR.csproj", "{3C3E7C57-7480-0F23-F5E1-2B8812A1ACEC}"
EndProject
Project("{FAE04EC0-301F-11D3-BF4B-00C04F79EFBC}") = "AssistantCoreSDKRuntime", "AssistantCoreSDKRuntime.csproj", "{CC773120-EFD9-F8B3-F754-EFC22DEF4DCD}"
EndProject
Project("{FAE04EC0-301F-11D3-BF4B-00C04F79EFBC}") = "Meta.WitAi.Conduit", "Meta.WitAi.Conduit.csproj", "{E6285CE2-1F45-337F-2BAC-2CC9F3796A67}"
EndProject
Project("{FAE04EC0-301F-11D3-BF4B-00C04F79EFBC}") = "Oculus.LipSync", "Oculus.LipSync.csproj", "{B5A898FA-CCBC-9889-30BE-0E09C9EAA162}"
EndProject
Project("{FAE04EC0-301F-11D3-BF4B-00C04F79EFBC}") = "Meta.VoiceSDK.Mic.Other", "Meta.VoiceSDK.Mic.Other.csproj", "{75F8F23E-C234-28CE-B73B-71FF9AC59170}"
EndProject
Project("{FAE04EC0-301F-11D3-BF4B-00C04F79EFBC}") = "Meta.VoiceSDK.Mic.Common", "Meta.VoiceSDK.Mic.Common.csproj", "{BC469F9C-6034-6AD1-C807-F0CD7AD396EA}"
EndProject
Project("{FAE04EC0-301F-11D3-BF4B-00C04F79EFBC}") = "Meta.WitAi.Editor", "Meta.WitAi.Editor.csproj", "{70C04499-C231-2E7F-A0A3-446C432B5F34}"
EndProject
Project("{FAE04EC0-301F-11D3-BF4B-00C04F79EFBC}") = "Meta.WitAi.Conduit.Editor", "Meta.WitAi.Conduit.Editor.csproj", "{D7C90080-2A39-01D2-9B99-7D529ED871DD}"
EndProject
Project("{FAE04EC0-301F-11D3-BF4B-00C04F79EFBC}") = "Oculus.Interaction.Editor", "Oculus.Interaction.Editor.csproj", "{F2384DEF-492B-CD41-0E32-00F03CB96404}"
EndProject
Project("{FAE04EC0-301F-11D3-BF4B-00C04F79EFBC}") = "Meta.WitAI.Lib.Editor", "Meta.WitAI.Lib.Editor.csproj", "{A07ED5D3-694F-7D29-E6EB-E5E8B1BAE7E2}"
EndProject
Project("{FAE04EC0-301F-11D3-BF4B-00C04F79EFBC}") = "Oculus.VR.Editor", "Oculus.VR.Editor.csproj", "{0342AF65-2217-D058-844B-221D28519C7B}"
EndProject
Project("{FAE04EC0-301F-11D3-BF4B-00C04F79EFBC}") = "Oculus.Interaction.OVR.Editor", "Oculus.Interaction.OVR.Editor.csproj", "{02D41878-7106-0F7F-4F13-14D992EF0048}"
EndProject
Project("{FAE04EC0-301F-11D3-BF4B-00C04F79EFBC}") = "Assembly-CSharp-Editor", "Assembly-CSharp-Editor.csproj", "{F2EB3973-8572-290F-3F5A-01DB999A243D}"
EndProject
Project("{FAE04EC0-301F-11D3-BF4B-00C04F79EFBC}") = "Oculus.Interaction.Samples.Editor", "Oculus.Interaction.Samples.Editor.csproj", "{CF85AB67-243E-EFB5-E5EC-39680C450B31}"
EndProject
Project("{FAE04EC0-301F-11D3-BF4B-00C04F79EFBC}") = "Oculus.VR.Scripts.Editor", "Oculus.VR.Scripts.Editor.csproj", "{F3747AC5-5706-DC90-B6FF-12795DCA2F25}"
EndProject
Project("{FAE04EC0-301F-11D3-BF4B-00C04F79EFBC}") = "VoiceSDK.Editor", "VoiceSDK.Editor.csproj", "{B39E4E02-7814-0294-A8BA-49000C99C961}"
EndProject
Project("{FAE04EC0-301F-11D3-BF4B-00C04F79EFBC}") = "Oculus.Spatializer.Editor", "Oculus.Spatializer.Editor.csproj", "{1BC4C5C8-549B-77EA-C6B2-4683FAA9580B}"
EndProject
Project("{FAE04EC0-301F-11D3-BF4B-00C04F79EFBC}") = "Meta.WitAi.TTS.Editor", "Meta.WitAi.TTS.Editor.csproj", "{CFD24AF7-599C-5B1F-A99D-545D946C75EA}"
EndProject
Project("{FAE04EC0-301F-11D3-BF4B-00C04F79EFBC}") = "Facebook.Wit.Dictation.Editor", "Facebook.Wit.Dictation.Editor.csproj", "{0DE17615-2246-856F-5557-0FCDFDC7D888}"
EndProject
Project("{FAE04EC0-301F-11D3-BF4B-00C04F79EFBC}") = "VoiceSDK.Dictation.Editor", "VoiceSDK.Dictation.Editor.csproj", "{CF990638-3E64-09C2-C076-29691F30E312}"
EndProject
Project("{FAE04EC0-301F-11D3-BF4B-00C04F79EFBC}") = "Oculus.Platform.Editor", "Oculus.Platform.Editor.csproj", "{E627AE54-3340-9672-20F8-793BFE4F0DD3}"
EndProject
Project("{FAE04EC0-301F-11D3-BF4B-00C04F79EFBC}") = "Oculus.AudioManager.Audio.Editor", "Oculus.AudioManager.Audio.Editor.csproj", "{231BBD74-C04E-2FEF-FBB4-7D1FD3620352}"
EndProject
Project("{FAE04EC0-301F-11D3-BF4B-00C04F79EFBC}") = "Oculus.Interaction.InterfaceSupport", "Oculus.Interaction.InterfaceSupport.csproj", "{476159E7-B007-7E02-F21C-E4C545A963FD}"
EndProject
Project("{FAE04EC0-301F-11D3-BF4B-00C04F79EFBC}") = "Oculus.LipSync.Editor", "Oculus.LipSync.Editor.csproj", "{D7EB948A-69F3-A24E-5F29-F50EB1999D50}"
EndProject
Project("{FAE04EC0-301F-11D3-BF4B-00C04F79EFBC}") = "AssistantCoreSDKEditor", "AssistantCoreSDKEditor.csproj", "{1F155907-15AB-88EE-D815-64819D284B38}"
EndProject
Project("{FAE04EC0-301F-11D3-BF4B-00C04F79EFBC}") = "Oculus.AudioManager.Utils.Editor", "Oculus.AudioManager.Utils.Editor.csproj", "{46B3D6C3-F1C1-86FE-E319-874D614523D1}"
EndProject
Global
	GlobalSection(SolutionConfigurationPlatforms) = preSolution
		Debug|Any CPU = Debug|Any CPU
		Release|Any CPU = Release|Any CPU
	EndGlobalSection
	GlobalSection(ProjectConfigurationPlatforms) = postSolution
		{C4CD868D-DC9C-D5EF-3495-22268B3B0C1C}.Debug|Any CPU.ActiveCfg = Debug|Any CPU
		{C4CD868D-DC9C-D5EF-3495-22268B3B0C1C}.Debug|Any CPU.Build.0 = Debug|Any CPU
		{C4CD868D-DC9C-D5EF-3495-22268B3B0C1C}.Release|Any CPU.ActiveCfg = Release|Any CPU
		{C4CD868D-DC9C-D5EF-3495-22268B3B0C1C}.Release|Any CPU.Build.0 = Release|Any CPU
		{D37E3FCC-4F0B-1AA8-9EC4-312A1471CB98}.Debug|Any CPU.ActiveCfg = Debug|Any CPU
		{D37E3FCC-4F0B-1AA8-9EC4-312A1471CB98}.Debug|Any CPU.Build.0 = Debug|Any CPU
		{D37E3FCC-4F0B-1AA8-9EC4-312A1471CB98}.Release|Any CPU.ActiveCfg = Release|Any CPU
		{D37E3FCC-4F0B-1AA8-9EC4-312A1471CB98}.Release|Any CPU.Build.0 = Release|Any CPU
		{B91BFF18-19B1-28B7-BA5B-3C9987DE5C7F}.Debug|Any CPU.ActiveCfg = Debug|Any CPU
		{B91BFF18-19B1-28B7-BA5B-3C9987DE5C7F}.Debug|Any CPU.Build.0 = Debug|Any CPU
		{B91BFF18-19B1-28B7-BA5B-3C9987DE5C7F}.Release|Any CPU.ActiveCfg = Release|Any CPU
		{B91BFF18-19B1-28B7-BA5B-3C9987DE5C7F}.Release|Any CPU.Build.0 = Release|Any CPU
		{ED7F2A8C-4BA6-19A8-E499-F4C422E5954A}.Debug|Any CPU.ActiveCfg = Debug|Any CPU
		{ED7F2A8C-4BA6-19A8-E499-F4C422E5954A}.Debug|Any CPU.Build.0 = Debug|Any CPU
		{ED7F2A8C-4BA6-19A8-E499-F4C422E5954A}.Release|Any CPU.ActiveCfg = Release|Any CPU
		{ED7F2A8C-4BA6-19A8-E499-F4C422E5954A}.Release|Any CPU.Build.0 = Release|Any CPU
		{8579C923-8878-D730-043C-AAFD604FAB0F}.Debug|Any CPU.ActiveCfg = Debug|Any CPU
		{8579C923-8878-D730-043C-AAFD604FAB0F}.Debug|Any CPU.Build.0 = Debug|Any CPU
		{8579C923-8878-D730-043C-AAFD604FAB0F}.Release|Any CPU.ActiveCfg = Release|Any CPU
		{8579C923-8878-D730-043C-AAFD604FAB0F}.Release|Any CPU.Build.0 = Release|Any CPU
		{C9E83138-D847-40AB-E30E-39C428C3DC5B}.Debug|Any CPU.ActiveCfg = Debug|Any CPU
		{C9E83138-D847-40AB-E30E-39C428C3DC5B}.Debug|Any CPU.Build.0 = Debug|Any CPU
		{C9E83138-D847-40AB-E30E-39C428C3DC5B}.Release|Any CPU.ActiveCfg = Release|Any CPU
		{C9E83138-D847-40AB-E30E-39C428C3DC5B}.Release|Any CPU.Build.0 = Release|Any CPU
		{97E529CD-36DF-F3DB-D375-D39D523E34B8}.Debug|Any CPU.ActiveCfg = Debug|Any CPU
		{97E529CD-36DF-F3DB-D375-D39D523E34B8}.Debug|Any CPU.Build.0 = Debug|Any CPU
		{97E529CD-36DF-F3DB-D375-D39D523E34B8}.Release|Any CPU.ActiveCfg = Release|Any CPU
		{97E529CD-36DF-F3DB-D375-D39D523E34B8}.Release|Any CPU.Build.0 = Release|Any CPU
		{78B3C0B4-BB37-1503-F873-4BB05910BC35}.Debug|Any CPU.ActiveCfg = Debug|Any CPU
		{78B3C0B4-BB37-1503-F873-4BB05910BC35}.Debug|Any CPU.Build.0 = Debug|Any CPU
		{78B3C0B4-BB37-1503-F873-4BB05910BC35}.Release|Any CPU.ActiveCfg = Release|Any CPU
		{78B3C0B4-BB37-1503-F873-4BB05910BC35}.Release|Any CPU.Build.0 = Release|Any CPU
		{40438AB9-B96E-3D78-00E0-76A6E85F457A}.Debug|Any CPU.ActiveCfg = Debug|Any CPU
		{40438AB9-B96E-3D78-00E0-76A6E85F457A}.Debug|Any CPU.Build.0 = Debug|Any CPU
		{40438AB9-B96E-3D78-00E0-76A6E85F457A}.Release|Any CPU.ActiveCfg = Release|Any CPU
		{40438AB9-B96E-3D78-00E0-76A6E85F457A}.Release|Any CPU.Build.0 = Release|Any CPU
		{375F8793-05DB-B66D-E71C-12FEE48C2B5C}.Debug|Any CPU.ActiveCfg = Debug|Any CPU
		{375F8793-05DB-B66D-E71C-12FEE48C2B5C}.Debug|Any CPU.Build.0 = Debug|Any CPU
		{375F8793-05DB-B66D-E71C-12FEE48C2B5C}.Release|Any CPU.ActiveCfg = Release|Any CPU
		{375F8793-05DB-B66D-E71C-12FEE48C2B5C}.Release|Any CPU.Build.0 = Release|Any CPU
		{BCE72747-4450-DCFC-0095-FD0EA03C638C}.Debug|Any CPU.ActiveCfg = Debug|Any CPU
		{BCE72747-4450-DCFC-0095-FD0EA03C638C}.Debug|Any CPU.Build.0 = Debug|Any CPU
		{BCE72747-4450-DCFC-0095-FD0EA03C638C}.Release|Any CPU.ActiveCfg = Release|Any CPU
		{BCE72747-4450-DCFC-0095-FD0EA03C638C}.Release|Any CPU.Build.0 = Release|Any CPU
		{1CF79233-D2CA-DA37-B084-F8D25C4B18E8}.Debug|Any CPU.ActiveCfg = Debug|Any CPU
		{1CF79233-D2CA-DA37-B084-F8D25C4B18E8}.Debug|Any CPU.Build.0 = Debug|Any CPU
		{1CF79233-D2CA-DA37-B084-F8D25C4B18E8}.Release|Any CPU.ActiveCfg = Release|Any CPU
		{1CF79233-D2CA-DA37-B084-F8D25C4B18E8}.Release|Any CPU.Build.0 = Release|Any CPU
		{8383C8C5-2512-0438-0EF7-C65791D0B9DE}.Debug|Any CPU.ActiveCfg = Debug|Any CPU
		{8383C8C5-2512-0438-0EF7-C65791D0B9DE}.Debug|Any CPU.Build.0 = Debug|Any CPU
		{8383C8C5-2512-0438-0EF7-C65791D0B9DE}.Release|Any CPU.ActiveCfg = Release|Any CPU
		{8383C8C5-2512-0438-0EF7-C65791D0B9DE}.Release|Any CPU.Build.0 = Release|Any CPU
		{B398275C-E89B-2E79-C5B9-F8B4E8A10747}.Debug|Any CPU.ActiveCfg = Debug|Any CPU
		{B398275C-E89B-2E79-C5B9-F8B4E8A10747}.Debug|Any CPU.Build.0 = Debug|Any CPU
		{B398275C-E89B-2E79-C5B9-F8B4E8A10747}.Release|Any CPU.ActiveCfg = Release|Any CPU
		{B398275C-E89B-2E79-C5B9-F8B4E8A10747}.Release|Any CPU.Build.0 = Release|Any CPU
		{9A3FA4A2-1D0C-46F0-D1F8-3B20AB850CC5}.Debug|Any CPU.ActiveCfg = Debug|Any CPU
		{9A3FA4A2-1D0C-46F0-D1F8-3B20AB850CC5}.Debug|Any CPU.Build.0 = Debug|Any CPU
		{9A3FA4A2-1D0C-46F0-D1F8-3B20AB850CC5}.Release|Any CPU.ActiveCfg = Release|Any CPU
		{9A3FA4A2-1D0C-46F0-D1F8-3B20AB850CC5}.Release|Any CPU.Build.0 = Release|Any CPU
		{3C3E7C57-7480-0F23-F5E1-2B8812A1ACEC}.Debug|Any CPU.ActiveCfg = Debug|Any CPU
		{3C3E7C57-7480-0F23-F5E1-2B8812A1ACEC}.Debug|Any CPU.Build.0 = Debug|Any CPU
		{3C3E7C57-7480-0F23-F5E1-2B8812A1ACEC}.Release|Any CPU.ActiveCfg = Release|Any CPU
		{3C3E7C57-7480-0F23-F5E1-2B8812A1ACEC}.Release|Any CPU.Build.0 = Release|Any CPU
		{CC773120-EFD9-F8B3-F754-EFC22DEF4DCD}.Debug|Any CPU.ActiveCfg = Debug|Any CPU
		{CC773120-EFD9-F8B3-F754-EFC22DEF4DCD}.Debug|Any CPU.Build.0 = Debug|Any CPU
		{CC773120-EFD9-F8B3-F754-EFC22DEF4DCD}.Release|Any CPU.ActiveCfg = Release|Any CPU
		{CC773120-EFD9-F8B3-F754-EFC22DEF4DCD}.Release|Any CPU.Build.0 = Release|Any CPU
		{E6285CE2-1F45-337F-2BAC-2CC9F3796A67}.Debug|Any CPU.ActiveCfg = Debug|Any CPU
		{E6285CE2-1F45-337F-2BAC-2CC9F3796A67}.Debug|Any CPU.Build.0 = Debug|Any CPU
		{E6285CE2-1F45-337F-2BAC-2CC9F3796A67}.Release|Any CPU.ActiveCfg = Release|Any CPU
		{E6285CE2-1F45-337F-2BAC-2CC9F3796A67}.Release|Any CPU.Build.0 = Release|Any CPU
		{B5A898FA-CCBC-9889-30BE-0E09C9EAA162}.Debug|Any CPU.ActiveCfg = Debug|Any CPU
		{B5A898FA-CCBC-9889-30BE-0E09C9EAA162}.Debug|Any CPU.Build.0 = Debug|Any CPU
		{B5A898FA-CCBC-9889-30BE-0E09C9EAA162}.Release|Any CPU.ActiveCfg = Release|Any CPU
		{B5A898FA-CCBC-9889-30BE-0E09C9EAA162}.Release|Any CPU.Build.0 = Release|Any CPU
		{75F8F23E-C234-28CE-B73B-71FF9AC59170}.Debug|Any CPU.ActiveCfg = Debug|Any CPU
		{75F8F23E-C234-28CE-B73B-71FF9AC59170}.Debug|Any CPU.Build.0 = Debug|Any CPU
		{75F8F23E-C234-28CE-B73B-71FF9AC59170}.Release|Any CPU.ActiveCfg = Release|Any CPU
		{75F8F23E-C234-28CE-B73B-71FF9AC59170}.Release|Any CPU.Build.0 = Release|Any CPU
		{BC469F9C-6034-6AD1-C807-F0CD7AD396EA}.Debug|Any CPU.ActiveCfg = Debug|Any CPU
		{BC469F9C-6034-6AD1-C807-F0CD7AD396EA}.Debug|Any CPU.Build.0 = Debug|Any CPU
		{BC469F9C-6034-6AD1-C807-F0CD7AD396EA}.Release|Any CPU.ActiveCfg = Release|Any CPU
		{BC469F9C-6034-6AD1-C807-F0CD7AD396EA}.Release|Any CPU.Build.0 = Release|Any CPU
		{70C04499-C231-2E7F-A0A3-446C432B5F34}.Debug|Any CPU.ActiveCfg = Debug|Any CPU
		{70C04499-C231-2E7F-A0A3-446C432B5F34}.Debug|Any CPU.Build.0 = Debug|Any CPU
		{70C04499-C231-2E7F-A0A3-446C432B5F34}.Release|Any CPU.ActiveCfg = Release|Any CPU
		{70C04499-C231-2E7F-A0A3-446C432B5F34}.Release|Any CPU.Build.0 = Release|Any CPU
		{D7C90080-2A39-01D2-9B99-7D529ED871DD}.Debug|Any CPU.ActiveCfg = Debug|Any CPU
		{D7C90080-2A39-01D2-9B99-7D529ED871DD}.Debug|Any CPU.Build.0 = Debug|Any CPU
		{D7C90080-2A39-01D2-9B99-7D529ED871DD}.Release|Any CPU.ActiveCfg = Release|Any CPU
		{D7C90080-2A39-01D2-9B99-7D529ED871DD}.Release|Any CPU.Build.0 = Release|Any CPU
		{F2384DEF-492B-CD41-0E32-00F03CB96404}.Debug|Any CPU.ActiveCfg = Debug|Any CPU
		{F2384DEF-492B-CD41-0E32-00F03CB96404}.Debug|Any CPU.Build.0 = Debug|Any CPU
		{F2384DEF-492B-CD41-0E32-00F03CB96404}.Release|Any CPU.ActiveCfg = Release|Any CPU
		{F2384DEF-492B-CD41-0E32-00F03CB96404}.Release|Any CPU.Build.0 = Release|Any CPU
		{A07ED5D3-694F-7D29-E6EB-E5E8B1BAE7E2}.Debug|Any CPU.ActiveCfg = Debug|Any CPU
		{A07ED5D3-694F-7D29-E6EB-E5E8B1BAE7E2}.Debug|Any CPU.Build.0 = Debug|Any CPU
		{A07ED5D3-694F-7D29-E6EB-E5E8B1BAE7E2}.Release|Any CPU.ActiveCfg = Release|Any CPU
		{A07ED5D3-694F-7D29-E6EB-E5E8B1BAE7E2}.Release|Any CPU.Build.0 = Release|Any CPU
		{0342AF65-2217-D058-844B-221D28519C7B}.Debug|Any CPU.ActiveCfg = Debug|Any CPU
		{0342AF65-2217-D058-844B-221D28519C7B}.Debug|Any CPU.Build.0 = Debug|Any CPU
		{0342AF65-2217-D058-844B-221D28519C7B}.Release|Any CPU.ActiveCfg = Release|Any CPU
		{0342AF65-2217-D058-844B-221D28519C7B}.Release|Any CPU.Build.0 = Release|Any CPU
		{02D41878-7106-0F7F-4F13-14D992EF0048}.Debug|Any CPU.ActiveCfg = Debug|Any CPU
		{02D41878-7106-0F7F-4F13-14D992EF0048}.Debug|Any CPU.Build.0 = Debug|Any CPU
		{02D41878-7106-0F7F-4F13-14D992EF0048}.Release|Any CPU.ActiveCfg = Release|Any CPU
		{02D41878-7106-0F7F-4F13-14D992EF0048}.Release|Any CPU.Build.0 = Release|Any CPU
		{F2EB3973-8572-290F-3F5A-01DB999A243D}.Debug|Any CPU.ActiveCfg = Debug|Any CPU
		{F2EB3973-8572-290F-3F5A-01DB999A243D}.Debug|Any CPU.Build.0 = Debug|Any CPU
		{F2EB3973-8572-290F-3F5A-01DB999A243D}.Release|Any CPU.ActiveCfg = Release|Any CPU
		{F2EB3973-8572-290F-3F5A-01DB999A243D}.Release|Any CPU.Build.0 = Release|Any CPU
		{CF85AB67-243E-EFB5-E5EC-39680C450B31}.Debug|Any CPU.ActiveCfg = Debug|Any CPU
		{CF85AB67-243E-EFB5-E5EC-39680C450B31}.Debug|Any CPU.Build.0 = Debug|Any CPU
		{CF85AB67-243E-EFB5-E5EC-39680C450B31}.Release|Any CPU.ActiveCfg = Release|Any CPU
		{CF85AB67-243E-EFB5-E5EC-39680C450B31}.Release|Any CPU.Build.0 = Release|Any CPU
		{F3747AC5-5706-DC90-B6FF-12795DCA2F25}.Debug|Any CPU.ActiveCfg = Debug|Any CPU
		{F3747AC5-5706-DC90-B6FF-12795DCA2F25}.Debug|Any CPU.Build.0 = Debug|Any CPU
		{F3747AC5-5706-DC90-B6FF-12795DCA2F25}.Release|Any CPU.ActiveCfg = Release|Any CPU
		{F3747AC5-5706-DC90-B6FF-12795DCA2F25}.Release|Any CPU.Build.0 = Release|Any CPU
		{B39E4E02-7814-0294-A8BA-49000C99C961}.Debug|Any CPU.ActiveCfg = Debug|Any CPU
		{B39E4E02-7814-0294-A8BA-49000C99C961}.Debug|Any CPU.Build.0 = Debug|Any CPU
		{B39E4E02-7814-0294-A8BA-49000C99C961}.Release|Any CPU.ActiveCfg = Release|Any CPU
		{B39E4E02-7814-0294-A8BA-49000C99C961}.Release|Any CPU.Build.0 = Release|Any CPU
		{1BC4C5C8-549B-77EA-C6B2-4683FAA9580B}.Debug|Any CPU.ActiveCfg = Debug|Any CPU
		{1BC4C5C8-549B-77EA-C6B2-4683FAA9580B}.Debug|Any CPU.Build.0 = Debug|Any CPU
		{1BC4C5C8-549B-77EA-C6B2-4683FAA9580B}.Release|Any CPU.ActiveCfg = Release|Any CPU
		{1BC4C5C8-549B-77EA-C6B2-4683FAA9580B}.Release|Any CPU.Build.0 = Release|Any CPU
		{CFD24AF7-599C-5B1F-A99D-545D946C75EA}.Debug|Any CPU.ActiveCfg = Debug|Any CPU
		{CFD24AF7-599C-5B1F-A99D-545D946C75EA}.Debug|Any CPU.Build.0 = Debug|Any CPU
		{CFD24AF7-599C-5B1F-A99D-545D946C75EA}.Release|Any CPU.ActiveCfg = Release|Any CPU
		{CFD24AF7-599C-5B1F-A99D-545D946C75EA}.Release|Any CPU.Build.0 = Release|Any CPU
		{0DE17615-2246-856F-5557-0FCDFDC7D888}.Debug|Any CPU.ActiveCfg = Debug|Any CPU
		{0DE17615-2246-856F-5557-0FCDFDC7D888}.Debug|Any CPU.Build.0 = Debug|Any CPU
		{0DE17615-2246-856F-5557-0FCDFDC7D888}.Release|Any CPU.ActiveCfg = Release|Any CPU
		{0DE17615-2246-856F-5557-0FCDFDC7D888}.Release|Any CPU.Build.0 = Release|Any CPU
		{CF990638-3E64-09C2-C076-29691F30E312}.Debug|Any CPU.ActiveCfg = Debug|Any CPU
		{CF990638-3E64-09C2-C076-29691F30E312}.Debug|Any CPU.Build.0 = Debug|Any CPU
		{CF990638-3E64-09C2-C076-29691F30E312}.Release|Any CPU.ActiveCfg = Release|Any CPU
		{CF990638-3E64-09C2-C076-29691F30E312}.Release|Any CPU.Build.0 = Release|Any CPU
		{E627AE54-3340-9672-20F8-793BFE4F0DD3}.Debug|Any CPU.ActiveCfg = Debug|Any CPU
		{E627AE54-3340-9672-20F8-793BFE4F0DD3}.Debug|Any CPU.Build.0 = Debug|Any CPU
		{E627AE54-3340-9672-20F8-793BFE4F0DD3}.Release|Any CPU.ActiveCfg = Release|Any CPU
		{E627AE54-3340-9672-20F8-793BFE4F0DD3}.Release|Any CPU.Build.0 = Release|Any CPU
		{231BBD74-C04E-2FEF-FBB4-7D1FD3620352}.Debug|Any CPU.ActiveCfg = Debug|Any CPU
		{231BBD74-C04E-2FEF-FBB4-7D1FD3620352}.Debug|Any CPU.Build.0 = Debug|Any CPU
		{231BBD74-C04E-2FEF-FBB4-7D1FD3620352}.Release|Any CPU.ActiveCfg = Release|Any CPU
		{231BBD74-C04E-2FEF-FBB4-7D1FD3620352}.Release|Any CPU.Build.0 = Release|Any CPU
		{476159E7-B007-7E02-F21C-E4C545A963FD}.Debug|Any CPU.ActiveCfg = Debug|Any CPU
		{476159E7-B007-7E02-F21C-E4C545A963FD}.Debug|Any CPU.Build.0 = Debug|Any CPU
		{476159E7-B007-7E02-F21C-E4C545A963FD}.Release|Any CPU.ActiveCfg = Release|Any CPU
		{476159E7-B007-7E02-F21C-E4C545A963FD}.Release|Any CPU.Build.0 = Release|Any CPU
		{D7EB948A-69F3-A24E-5F29-F50EB1999D50}.Debug|Any CPU.ActiveCfg = Debug|Any CPU
		{D7EB948A-69F3-A24E-5F29-F50EB1999D50}.Debug|Any CPU.Build.0 = Debug|Any CPU
		{D7EB948A-69F3-A24E-5F29-F50EB1999D50}.Release|Any CPU.ActiveCfg = Release|Any CPU
		{D7EB948A-69F3-A24E-5F29-F50EB1999D50}.Release|Any CPU.Build.0 = Release|Any CPU
		{1F155907-15AB-88EE-D815-64819D284B38}.Debug|Any CPU.ActiveCfg = Debug|Any CPU
		{1F155907-15AB-88EE-D815-64819D284B38}.Debug|Any CPU.Build.0 = Debug|Any CPU
		{1F155907-15AB-88EE-D815-64819D284B38}.Release|Any CPU.ActiveCfg = Release|Any CPU
		{1F155907-15AB-88EE-D815-64819D284B38}.Release|Any CPU.Build.0 = Release|Any CPU
		{46B3D6C3-F1C1-86FE-E319-874D614523D1}.Debug|Any CPU.ActiveCfg = Debug|Any CPU
		{46B3D6C3-F1C1-86FE-E319-874D614523D1}.Debug|Any CPU.Build.0 = Debug|Any CPU
		{46B3D6C3-F1C1-86FE-E319-874D614523D1}.Release|Any CPU.ActiveCfg = Release|Any CPU
		{46B3D6C3-F1C1-86FE-E319-874D614523D1}.Release|Any CPU.Build.0 = Release|Any CPU
	EndGlobalSection
	GlobalSection(SolutionProperties) = preSolution
		HideSolutionNode = FALSE
	EndGlobalSection
EndGlobal
